// !$*UTF8*$!
{
	archiveVersion = 1;
	classes = {
	};
	objectVersion = 50;
	objects = {

/* Begin PBXBuildFile section */
		AC2E7BA425D9318800F8D9F3 /* MenuCell.swift in Sources */ = {isa = PBXBuildFile; fileRef = AC2E7BA325D9318800F8D9F3 /* MenuCell.swift */; };
		AC2E7BA725D931A700F8D9F3 /* BaseCell.swift in Sources */ = {isa = PBXBuildFile; fileRef = AC2E7BA625D931A700F8D9F3 /* BaseCell.swift */; };
		AC2E7BAB25D94C8700F8D9F3 /* Video.swift in Sources */ = {isa = PBXBuildFile; fileRef = AC2E7BAA25D94C8700F8D9F3 /* Video.swift */; };
		AC2E7BAF25D9503600F8D9F3 /* Channel.swift in Sources */ = {isa = PBXBuildFile; fileRef = AC2E7BAE25D9503600F8D9F3 /* Channel.swift */; };
		AC395E3125DFDF87007438F8 /* TrendingCell.swift in Sources */ = {isa = PBXBuildFile; fileRef = AC395E3025DFDF87007438F8 /* TrendingCell.swift */; };
		AC395E3425DFEF9C007438F8 /* SubcriptionCell.swift in Sources */ = {isa = PBXBuildFile; fileRef = AC395E3325DFEF9C007438F8 /* SubcriptionCell.swift */; };
		AC4A73A925DC563D0053409D /* NetworkManager.swift in Sources */ = {isa = PBXBuildFile; fileRef = AC4A73A825DC563D0053409D /* NetworkManager.swift */; };
		AC4A8CDF25E014A000C77333 /* VideoLauncher.swift in Sources */ = {isa = PBXBuildFile; fileRef = AC4A8CDE25E014A000C77333 /* VideoLauncher.swift */; };
		AC81695425DFB25E00971B6F /* FeedCell.swift in Sources */ = {isa = PBXBuildFile; fileRef = AC81695325DFB25E00971B6F /* FeedCell.swift */; };
		AC8FB3E525DD2C5200F7B795 /* SettingsLauncher.swift in Sources */ = {isa = PBXBuildFile; fileRef = AC8FB3E425DD2C5200F7B795 /* SettingsLauncher.swift */; };
		AC8FB3EB25DD5BE600F7B795 /* SettingsCell.swift in Sources */ = {isa = PBXBuildFile; fileRef = AC8FB3EA25DD5BE600F7B795 /* SettingsCell.swift */; };
		AC8FB3EE25DD6F5900F7B795 /* Setting.swift in Sources */ = {isa = PBXBuildFile; fileRef = AC8FB3ED25DD6F5900F7B795 /* Setting.swift */; };
		AC9B4BAE25DC217100714D3F /* CustomImageView.swift in Sources */ = {isa = PBXBuildFile; fileRef = AC9B4BAD25DC217100714D3F /* CustomImageView.swift */; };
		ACD6A5D025DC28CB0097481C /* CustomImageViewModel.swift in Sources */ = {isa = PBXBuildFile; fileRef = ACD6A5CF25DC28CB0097481C /* CustomImageViewModel.swift */; };
		ACE1A4D525AEF0D3008806CF /* AppDelegate.swift in Sources */ = {isa = PBXBuildFile; fileRef = ACE1A4D425AEF0D3008806CF /* AppDelegate.swift */; };
		ACE1A4D925AEF0D3008806CF /* HomeController.swift in Sources */ = {isa = PBXBuildFile; fileRef = ACE1A4D825AEF0D3008806CF /* HomeController.swift */; };
		ACE1A4DC25AEF0D3008806CF /* Main.storyboard in Resources */ = {isa = PBXBuildFile; fileRef = ACE1A4DA25AEF0D3008806CF /* Main.storyboard */; };
		ACE1A4DE25AEF0DA008806CF /* Assets.xcassets in Resources */ = {isa = PBXBuildFile; fileRef = ACE1A4DD25AEF0DA008806CF /* Assets.xcassets */; };
		ACE1A4E125AEF0DA008806CF /* LaunchScreen.storyboard in Resources */ = {isa = PBXBuildFile; fileRef = ACE1A4DF25AEF0DA008806CF /* LaunchScreen.storyboard */; };
		ACE1A4E925AEFA27008806CF /* VideoCell.swift in Sources */ = {isa = PBXBuildFile; fileRef = ACE1A4E825AEFA27008806CF /* VideoCell.swift */; };
		ACE1A4ED25AF1DE5008806CF /* UIView +.swift in Sources */ = {isa = PBXBuildFile; fileRef = ACE1A4EC25AF1DE5008806CF /* UIView +.swift */; };
		ACFBB6F225B4DE5B008FFB70 /* UIColor + .swift in Sources */ = {isa = PBXBuildFile; fileRef = ACFBB6F125B4DE5B008FFB70 /* UIColor + .swift */; };
		ACFBB6F825B4E4BF008FFB70 /* MenuBar.swift in Sources */ = {isa = PBXBuildFile; fileRef = ACFBB6F725B4E4BF008FFB70 /* MenuBar.swift */; };
/* End PBXBuildFile section */

/* Begin PBXFileReference section */
		AC2E7BA325D9318800F8D9F3 /* MenuCell.swift */ = {isa = PBXFileReference; lastKnownFileType = sourcecode.swift; path = MenuCell.swift; sourceTree = "<group>"; };
		AC2E7BA625D931A700F8D9F3 /* BaseCell.swift */ = {isa = PBXFileReference; lastKnownFileType = sourcecode.swift; path = BaseCell.swift; sourceTree = "<group>"; };
		AC2E7BAA25D94C8700F8D9F3 /* Video.swift */ = {isa = PBXFileReference; lastKnownFileType = sourcecode.swift; path = Video.swift; sourceTree = "<group>"; };
		AC2E7BAE25D9503600F8D9F3 /* Channel.swift */ = {isa = PBXFileReference; lastKnownFileType = sourcecode.swift; path = Channel.swift; sourceTree = "<group>"; };
		AC395E3025DFDF87007438F8 /* TrendingCell.swift */ = {isa = PBXFileReference; lastKnownFileType = sourcecode.swift; path = TrendingCell.swift; sourceTree = "<group>"; };
		AC395E3325DFEF9C007438F8 /* SubcriptionCell.swift */ = {isa = PBXFileReference; lastKnownFileType = sourcecode.swift; path = SubcriptionCell.swift; sourceTree = "<group>"; };
		AC4A73A825DC563D0053409D /* NetworkManager.swift */ = {isa = PBXFileReference; lastKnownFileType = sourcecode.swift; path = NetworkManager.swift; sourceTree = "<group>"; };
		AC4A8CDE25E014A000C77333 /* VideoLauncher.swift */ = {isa = PBXFileReference; lastKnownFileType = sourcecode.swift; path = VideoLauncher.swift; sourceTree = "<group>"; };
		AC81695325DFB25E00971B6F /* FeedCell.swift */ = {isa = PBXFileReference; lastKnownFileType = sourcecode.swift; path = FeedCell.swift; sourceTree = "<group>"; };
		AC8FB3E425DD2C5200F7B795 /* SettingsLauncher.swift */ = {isa = PBXFileReference; lastKnownFileType = sourcecode.swift; path = SettingsLauncher.swift; sourceTree = "<group>"; };
		AC8FB3EA25DD5BE600F7B795 /* SettingsCell.swift */ = {isa = PBXFileReference; lastKnownFileType = sourcecode.swift; path = SettingsCell.swift; sourceTree = "<group>"; };
		AC8FB3ED25DD6F5900F7B795 /* Setting.swift */ = {isa = PBXFileReference; lastKnownFileType = sourcecode.swift; path = Setting.swift; sourceTree = "<group>"; };
		AC9B4BAD25DC217100714D3F /* CustomImageView.swift */ = {isa = PBXFileReference; lastKnownFileType = sourcecode.swift; path = CustomImageView.swift; sourceTree = "<group>"; };
		ACD6A5CF25DC28CB0097481C /* CustomImageViewModel.swift */ = {isa = PBXFileReference; lastKnownFileType = sourcecode.swift; path = CustomImageViewModel.swift; sourceTree = "<group>"; };
		ACE1A4D125AEF0D3008806CF /* YouTubeApp.app */ = {isa = PBXFileReference; explicitFileType = wrapper.application; includeInIndex = 0; path = YouTubeApp.app; sourceTree = BUILT_PRODUCTS_DIR; };
		ACE1A4D425AEF0D3008806CF /* AppDelegate.swift */ = {isa = PBXFileReference; lastKnownFileType = sourcecode.swift; path = AppDelegate.swift; sourceTree = "<group>"; };
		ACE1A4D825AEF0D3008806CF /* HomeController.swift */ = {isa = PBXFileReference; lastKnownFileType = sourcecode.swift; path = HomeController.swift; sourceTree = "<group>"; };
		ACE1A4DB25AEF0D3008806CF /* Base */ = {isa = PBXFileReference; lastKnownFileType = file.storyboard; name = Base; path = Base.lproj/Main.storyboard; sourceTree = "<group>"; };
		ACE1A4DD25AEF0DA008806CF /* Assets.xcassets */ = {isa = PBXFileReference; lastKnownFileType = folder.assetcatalog; path = Assets.xcassets; sourceTree = "<group>"; };
		ACE1A4E025AEF0DA008806CF /* Base */ = {isa = PBXFileReference; lastKnownFileType = file.storyboard; name = Base; path = Base.lproj/LaunchScreen.storyboard; sourceTree = "<group>"; };
		ACE1A4E225AEF0DA008806CF /* Info.plist */ = {isa = PBXFileReference; lastKnownFileType = text.plist.xml; path = Info.plist; sourceTree = "<group>"; };
		ACE1A4E825AEFA27008806CF /* VideoCell.swift */ = {isa = PBXFileReference; lastKnownFileType = sourcecode.swift; path = VideoCell.swift; sourceTree = "<group>"; };
		ACE1A4EC25AF1DE5008806CF /* UIView +.swift */ = {isa = PBXFileReference; lastKnownFileType = sourcecode.swift; path = "UIView +.swift"; sourceTree = "<group>"; };
		ACFBB6F125B4DE5B008FFB70 /* UIColor + .swift */ = {isa = PBXFileReference; lastKnownFileType = sourcecode.swift; path = "UIColor + .swift"; sourceTree = "<group>"; };
		ACFBB6F725B4E4BF008FFB70 /* MenuBar.swift */ = {isa = PBXFileReference; lastKnownFileType = sourcecode.swift; path = MenuBar.swift; sourceTree = "<group>"; };
/* End PBXFileReference section */

/* Begin PBXFrameworksBuildPhase section */
		ACE1A4CE25AEF0D3008806CF /* Frameworks */ = {
			isa = PBXFrameworksBuildPhase;
			buildActionMask = 2147483647;
			files = (
			);
			runOnlyForDeploymentPostprocessing = 0;
		};
/* End PBXFrameworksBuildPhase section */

/* Begin PBXGroup section */
		AC2E7BA025D9314900F8D9F3 /* MenuBar */ = {
			isa = PBXGroup;
			children = (
				AC2E7BA125D9316800F8D9F3 /* MenuCell */,
				ACFBB6F725B4E4BF008FFB70 /* MenuBar.swift */,
			);
			path = MenuBar;
			sourceTree = "<group>";
		};
		AC2E7BA125D9316800F8D9F3 /* MenuCell */ = {
			isa = PBXGroup;
			children = (
				AC2E7BA325D9318800F8D9F3 /* MenuCell.swift */,
			);
			path = MenuCell;
			sourceTree = "<group>";
		};
		AC2E7BA925D94C7500F8D9F3 /* Model */ = {
			isa = PBXGroup;
			children = (
				AC2E7BAA25D94C8700F8D9F3 /* Video.swift */,
				AC2E7BAE25D9503600F8D9F3 /* Channel.swift */,
			);
			path = Model;
			sourceTree = "<group>";
		};
		AC395E2E25DFDF1D007438F8 /* Controller */ = {
			isa = PBXGroup;
			children = (
				AC395E2F25DFDF5F007438F8 /* Trending screen */,
				AC81695325DFB25E00971B6F /* FeedCell.swift */,
				ACE1A4D825AEF0D3008806CF /* HomeController.swift */,
			);
			path = Controller;
			sourceTree = "<group>";
		};
		AC395E2F25DFDF5F007438F8 /* Trending screen */ = {
			isa = PBXGroup;
			children = (
				AC395E3025DFDF87007438F8 /* TrendingCell.swift */,
				AC395E3325DFEF9C007438F8 /* SubcriptionCell.swift */,
			);
			path = "Trending screen";
			sourceTree = "<group>";
		};
		AC65083E25DC1C8400383CA7 /* Service */ = {
			isa = PBXGroup;
			children = (
				AC65083F25DC1C9A00383CA7 /* Network */,
			);
			path = Service;
			sourceTree = "<group>";
		};
		AC65083F25DC1C9A00383CA7 /* Network */ = {
			isa = PBXGroup;
			children = (
				AC4A73A825DC563D0053409D /* NetworkManager.swift */,
			);
			path = Network;
			sourceTree = "<group>";
		};
		AC8FB3E725DD5BC300F7B795 /* Settings screen */ = {
			isa = PBXGroup;
			children = (
				AC8FB3F025DD6F5E00F7B795 /* Settings Model */,
				AC8FB3E925DD5BD700F7B795 /* Settings cell */,
				AC8FB3E425DD2C5200F7B795 /* SettingsLauncher.swift */,
			);
			path = "Settings screen";
			sourceTree = "<group>";
		};
		AC8FB3E925DD5BD700F7B795 /* Settings cell */ = {
			isa = PBXGroup;
			children = (
				AC8FB3EA25DD5BE600F7B795 /* SettingsCell.swift */,
			);
			path = "Settings cell";
			sourceTree = "<group>";
		};
		AC8FB3F025DD6F5E00F7B795 /* Settings Model */ = {
			isa = PBXGroup;
			children = (
				AC8FB3ED25DD6F5900F7B795 /* Setting.swift */,
			);
			path = "Settings Model";
			sourceTree = "<group>";
		};
		ACE1A4C825AEF0D3008806CF = {
			isa = PBXGroup;
			children = (
				ACE1A4D325AEF0D3008806CF /* YouTubeApp */,
				ACE1A4D225AEF0D3008806CF /* Products */,
			);
			sourceTree = "<group>";
		};
		ACE1A4D225AEF0D3008806CF /* Products */ = {
			isa = PBXGroup;
			children = (
				ACE1A4D125AEF0D3008806CF /* YouTubeApp.app */,
			);
			name = Products;
			sourceTree = "<group>";
		};
		ACE1A4D325AEF0D3008806CF /* YouTubeApp */ = {
			isa = PBXGroup;
			children = (
				ACE1A4D425AEF0D3008806CF /* AppDelegate.swift */,
				ACE1A4DD25AEF0DA008806CF /* Assets.xcassets */,
				ACE1A4E225AEF0DA008806CF /* Info.plist */,
				AC2E7BA925D94C7500F8D9F3 /* Model */,
				AC65083E25DC1C8400383CA7 /* Service */,
				ACE1A4EA25AF1DD4008806CF /* Extensions */,
				ACFBB6F325B4E145008FFB70 /* Main screen */,
				ACE1A4DA25AEF0D3008806CF /* Main.storyboard */,
				ACE1A4DF25AEF0DA008806CF /* LaunchScreen.storyboard */,
			);
			path = YouTubeApp;
			sourceTree = "<group>";
		};
		ACE1A4EA25AF1DD4008806CF /* Extensions */ = {
			isa = PBXGroup;
			children = (
				ACE1A4EB25AF1DDA008806CF /* UIKit */,
			);
			path = Extensions;
			sourceTree = "<group>";
		};
		ACE1A4EB25AF1DDA008806CF /* UIKit */ = {
			isa = PBXGroup;
			children = (
				ACE1A4EC25AF1DE5008806CF /* UIView +.swift */,
				ACFBB6F125B4DE5B008FFB70 /* UIColor + .swift */,
				AC9B4BAD25DC217100714D3F /* CustomImageView.swift */,
				ACD6A5CF25DC28CB0097481C /* CustomImageViewModel.swift */,
			);
			path = UIKit;
			sourceTree = "<group>";
		};
		ACFBB6F325B4E145008FFB70 /* Main screen */ = {
			isa = PBXGroup;
			children = (
				AC2E7BA625D931A700F8D9F3 /* BaseCell.swift */,
				AC395E2E25DFDF1D007438F8 /* Controller */,
				AC2E7BA025D9314900F8D9F3 /* MenuBar */,
				ACFBB6F425B4E156008FFB70 /* VideoCell */,
				AC8FB3E725DD5BC300F7B795 /* Settings screen */,
				AC4A8CDE25E014A000C77333 /* VideoLauncher.swift */,
			);
			path = "Main screen";
			sourceTree = "<group>";
		};
		ACFBB6F425B4E156008FFB70 /* VideoCell */ = {
			isa = PBXGroup;
			children = (
				ACE1A4E825AEFA27008806CF /* VideoCell.swift */,
			);
			path = VideoCell;
			sourceTree = "<group>";
		};
/* End PBXGroup section */

/* Begin PBXNativeTarget section */
		ACE1A4D025AEF0D3008806CF /* YouTubeApp */ = {
			isa = PBXNativeTarget;
			buildConfigurationList = ACE1A4E525AEF0DA008806CF /* Build configuration list for PBXNativeTarget "YouTubeApp" */;
			buildPhases = (
				ACE1A4CD25AEF0D3008806CF /* Sources */,
				ACE1A4CE25AEF0D3008806CF /* Frameworks */,
				ACE1A4CF25AEF0D3008806CF /* Resources */,
			);
			buildRules = (
			);
			dependencies = (
			);
			name = YouTubeApp;
			productName = YouTubeApp;
			productReference = ACE1A4D125AEF0D3008806CF /* YouTubeApp.app */;
			productType = "com.apple.product-type.application";
		};
/* End PBXNativeTarget section */

/* Begin PBXProject section */
		ACE1A4C925AEF0D3008806CF /* Project object */ = {
			isa = PBXProject;
			attributes = {
				LastSwiftUpdateCheck = 1150;
				LastUpgradeCheck = 1240;
				ORGANIZATIONNAME = "Artem Ustinov";
				TargetAttributes = {
					ACE1A4D025AEF0D3008806CF = {
						CreatedOnToolsVersion = 11.5;
					};
				};
			};
			buildConfigurationList = ACE1A4CC25AEF0D3008806CF /* Build configuration list for PBXProject "YouTubeApp" */;
			compatibilityVersion = "Xcode 9.3";
			developmentRegion = en;
			hasScannedForEncodings = 0;
			knownRegions = (
				en,
				Base,
			);
			mainGroup = ACE1A4C825AEF0D3008806CF;
			productRefGroup = ACE1A4D225AEF0D3008806CF /* Products */;
			projectDirPath = "";
			projectRoot = "";
			targets = (
				ACE1A4D025AEF0D3008806CF /* YouTubeApp */,
			);
		};
/* End PBXProject section */

/* Begin PBXResourcesBuildPhase section */
		ACE1A4CF25AEF0D3008806CF /* Resources */ = {
			isa = PBXResourcesBuildPhase;
			buildActionMask = 2147483647;
			files = (
				ACE1A4E125AEF0DA008806CF /* LaunchScreen.storyboard in Resources */,
				ACE1A4DE25AEF0DA008806CF /* Assets.xcassets in Resources */,
				ACE1A4DC25AEF0D3008806CF /* Main.storyboard in Resources */,
			);
			runOnlyForDeploymentPostprocessing = 0;
		};
/* End PBXResourcesBuildPhase section */

/* Begin PBXSourcesBuildPhase section */
		ACE1A4CD25AEF0D3008806CF /* Sources */ = {
			isa = PBXSourcesBuildPhase;
			buildActionMask = 2147483647;
			files = (
				AC4A73A925DC563D0053409D /* NetworkManager.swift in Sources */,
				AC2E7BA425D9318800F8D9F3 /* MenuCell.swift in Sources */,
				AC395E3425DFEF9C007438F8 /* SubcriptionCell.swift in Sources */,
				AC81695425DFB25E00971B6F /* FeedCell.swift in Sources */,
				AC2E7BAF25D9503600F8D9F3 /* Channel.swift in Sources */,
				AC9B4BAE25DC217100714D3F /* CustomImageView.swift in Sources */,
				ACE1A4D925AEF0D3008806CF /* HomeController.swift in Sources */,
				AC4A8CDF25E014A000C77333 /* VideoLauncher.swift in Sources */,
				ACE1A4ED25AF1DE5008806CF /* UIView +.swift in Sources */,
				AC8FB3EE25DD6F5900F7B795 /* Setting.swift in Sources */,
				AC395E3125DFDF87007438F8 /* TrendingCell.swift in Sources */,
				ACFBB6F825B4E4BF008FFB70 /* MenuBar.swift in Sources */,
				AC2E7BAB25D94C8700F8D9F3 /* Video.swift in Sources */,
				AC2E7BA725D931A700F8D9F3 /* BaseCell.swift in Sources */,
				ACFBB6F225B4DE5B008FFB70 /* UIColor + .swift in Sources */,
				AC8FB3E525DD2C5200F7B795 /* SettingsLauncher.swift in Sources */,
				ACE1A4D525AEF0D3008806CF /* AppDelegate.swift in Sources */,
				ACD6A5D025DC28CB0097481C /* CustomImageViewModel.swift in Sources */,
				ACE1A4E925AEFA27008806CF /* VideoCell.swift in Sources */,
				AC8FB3EB25DD5BE600F7B795 /* SettingsCell.swift in Sources */,
			);
			runOnlyForDeploymentPostprocessing = 0;
		};
/* End PBXSourcesBuildPhase section */

/* Begin PBXVariantGroup section */
		ACE1A4DA25AEF0D3008806CF /* Main.storyboard */ = {
			isa = PBXVariantGroup;
			children = (
				ACE1A4DB25AEF0D3008806CF /* Base */,
			);
			name = Main.storyboard;
			sourceTree = "<group>";
		};
		ACE1A4DF25AEF0DA008806CF /* LaunchScreen.storyboard */ = {
			isa = PBXVariantGroup;
			children = (
				ACE1A4E025AEF0DA008806CF /* Base */,
			);
			name = LaunchScreen.storyboard;
			sourceTree = "<group>";
		};
/* End PBXVariantGroup section */

/* Begin XCBuildConfiguration section */
		ACE1A4E325AEF0DA008806CF /* Debug */ = {
			isa = XCBuildConfiguration;
			buildSettings = {
				ALWAYS_SEARCH_USER_PATHS = NO;
				CLANG_ANALYZER_NONNULL = YES;
				CLANG_ANALYZER_NUMBER_OBJECT_CONVERSION = YES_AGGRESSIVE;
				CLANG_CXX_LANGUAGE_STANDARD = "gnu++14";
				CLANG_CXX_LIBRARY = "libc++";
				CLANG_ENABLE_MODULES = YES;
				CLANG_ENABLE_OBJC_ARC = YES;
				CLANG_ENABLE_OBJC_WEAK = YES;
				CLANG_WARN_BLOCK_CAPTURE_AUTORELEASING = YES;
				CLANG_WARN_BOOL_CONVERSION = YES;
				CLANG_WARN_COMMA = YES;
				CLANG_WARN_CONSTANT_CONVERSION = YES;
				CLANG_WARN_DEPRECATED_OBJC_IMPLEMENTATIONS = YES;
				CLANG_WARN_DIRECT_OBJC_ISA_USAGE = YES_ERROR;
				CLANG_WARN_DOCUMENTATION_COMMENTS = YES;
				CLANG_WARN_EMPTY_BODY = YES;
				CLANG_WARN_ENUM_CONVERSION = YES;
				CLANG_WARN_INFINITE_RECURSION = YES;
				CLANG_WARN_INT_CONVERSION = YES;
				CLANG_WARN_NON_LITERAL_NULL_CONVERSION = YES;
				CLANG_WARN_OBJC_IMPLICIT_RETAIN_SELF = YES;
				CLANG_WARN_OBJC_LITERAL_CONVERSION = YES;
				CLANG_WARN_OBJC_ROOT_CLASS = YES_ERROR;
				CLANG_WARN_QUOTED_INCLUDE_IN_FRAMEWORK_HEADER = YES;
				CLANG_WARN_RANGE_LOOP_ANALYSIS = YES;
				CLANG_WARN_STRICT_PROTOTYPES = YES;
				CLANG_WARN_SUSPICIOUS_MOVE = YES;
				CLANG_WARN_UNGUARDED_AVAILABILITY = YES_AGGRESSIVE;
				CLANG_WARN_UNREACHABLE_CODE = YES;
				CLANG_WARN__DUPLICATE_METHOD_MATCH = YES;
				COPY_PHASE_STRIP = NO;
				DEBUG_INFORMATION_FORMAT = dwarf;
				ENABLE_STRICT_OBJC_MSGSEND = YES;
				ENABLE_TESTABILITY = YES;
				GCC_C_LANGUAGE_STANDARD = gnu11;
				GCC_DYNAMIC_NO_PIC = NO;
				GCC_NO_COMMON_BLOCKS = YES;
				GCC_OPTIMIZATION_LEVEL = 0;
				GCC_PREPROCESSOR_DEFINITIONS = (
					"DEBUG=1",
					"$(inherited)",
				);
				GCC_WARN_64_TO_32_BIT_CONVERSION = YES;
				GCC_WARN_ABOUT_RETURN_TYPE = YES_ERROR;
				GCC_WARN_UNDECLARED_SELECTOR = YES;
				GCC_WARN_UNINITIALIZED_AUTOS = YES_AGGRESSIVE;
				GCC_WARN_UNUSED_FUNCTION = YES;
				GCC_WARN_UNUSED_VARIABLE = YES;
				IPHONEOS_DEPLOYMENT_TARGET = 13.5;
				MTL_ENABLE_DEBUG_INFO = INCLUDE_SOURCE;
				MTL_FAST_MATH = YES;
				ONLY_ACTIVE_ARCH = YES;
				SDKROOT = iphoneos;
				SWIFT_ACTIVE_COMPILATION_CONDITIONS = DEBUG;
				SWIFT_OPTIMIZATION_LEVEL = "-Onone";
			};
			name = Debug;
		};
		ACE1A4E425AEF0DA008806CF /* Release */ = {
			isa = XCBuildConfiguration;
			buildSettings = {
				ALWAYS_SEARCH_USER_PATHS = NO;
				CLANG_ANALYZER_NONNULL = YES;
				CLANG_ANALYZER_NUMBER_OBJECT_CONVERSION = YES_AGGRESSIVE;
				CLANG_CXX_LANGUAGE_STANDARD = "gnu++14";
				CLANG_CXX_LIBRARY = "libc++";
				CLANG_ENABLE_MODULES = YES;
				CLANG_ENABLE_OBJC_ARC = YES;
				CLANG_ENABLE_OBJC_WEAK = YES;
				CLANG_WARN_BLOCK_CAPTURE_AUTORELEASING = YES;
				CLANG_WARN_BOOL_CONVERSION = YES;
				CLANG_WARN_COMMA = YES;
				CLANG_WARN_CONSTANT_CONVERSION = YES;
				CLANG_WARN_DEPRECATED_OBJC_IMPLEMENTATIONS = YES;
				CLANG_WARN_DIRECT_OBJC_ISA_USAGE = YES_ERROR;
				CLANG_WARN_DOCUMENTATION_COMMENTS = YES;
				CLANG_WARN_EMPTY_BODY = YES;
				CLANG_WARN_ENUM_CONVERSION = YES;
				CLANG_WARN_INFINITE_RECURSION = YES;
				CLANG_WARN_INT_CONVERSION = YES;
				CLANG_WARN_NON_LITERAL_NULL_CONVERSION = YES;
				CLANG_WARN_OBJC_IMPLICIT_RETAIN_SELF = YES;
				CLANG_WARN_OBJC_LITERAL_CONVERSION = YES;
				CLANG_WARN_OBJC_ROOT_CLASS = YES_ERROR;
				CLANG_WARN_QUOTED_INCLUDE_IN_FRAMEWORK_HEADER = YES;
				CLANG_WARN_RANGE_LOOP_ANALYSIS = YES;
				CLANG_WARN_STRICT_PROTOTYPES = YES;
				CLANG_WARN_SUSPICIOUS_MOVE = YES;
				CLANG_WARN_UNGUARDED_AVAILABILITY = YES_AGGRESSIVE;
				CLANG_WARN_UNREACHABLE_CODE = YES;
				CLANG_WARN__DUPLICATE_METHOD_MATCH = YES;
				COPY_PHASE_STRIP = NO;
				DEBUG_INFORMATION_FORMAT = "dwarf-with-dsym";
				ENABLE_NS_ASSERTIONS = NO;
				ENABLE_STRICT_OBJC_MSGSEND = YES;
				GCC_C_LANGUAGE_STANDARD = gnu11;
				GCC_NO_COMMON_BLOCKS = YES;
				GCC_WARN_64_TO_32_BIT_CONVERSION = YES;
				GCC_WARN_ABOUT_RETURN_TYPE = YES_ERROR;
				GCC_WARN_UNDECLARED_SELECTOR = YES;
				GCC_WARN_UNINITIALIZED_AUTOS = YES_AGGRESSIVE;
				GCC_WARN_UNUSED_FUNCTION = YES;
				GCC_WARN_UNUSED_VARIABLE = YES;
				IPHONEOS_DEPLOYMENT_TARGET = 13.5;
				MTL_ENABLE_DEBUG_INFO = NO;
				MTL_FAST_MATH = YES;
				SDKROOT = iphoneos;
				SWIFT_COMPILATION_MODE = wholemodule;
				SWIFT_OPTIMIZATION_LEVEL = "-O";
				VALIDATE_PRODUCT = YES;
			};
			name = Release;
		};
		ACE1A4E625AEF0DA008806CF /* Debug */ = {
			isa = XCBuildConfiguration;
			buildSettings = {
				ASSETCATALOG_COMPILER_APPICON_NAME = AppIcon;
				CODE_SIGN_STYLE = Automatic;
				DEVELOPMENT_TEAM = 7B5A43VP4C;
				INFOPLIST_FILE = YouTubeApp/Info.plist;
				LD_RUNPATH_SEARCH_PATHS = (
					"$(inherited)",
					"@executable_path/Frameworks",
				);
				PRODUCT_BUNDLE_IDENTIFIER = ArtemUstinov.YouTubeApp;
				PRODUCT_NAME = "$(TARGET_NAME)";
				SWIFT_VERSION = 5.0;
				TARGETED_DEVICE_FAMILY = "1,2";
			};
			name = Debug;
		};
		ACE1A4E725AEF0DA008806CF /* Release */ = {
			isa = XCBuildConfiguration;
			buildSettings = {
				ASSETCATALOG_COMPILER_APPICON_NAME = AppIcon;
				CODE_SIGN_STYLE = Automatic;
				DEVELOPMENT_TEAM = 7B5A43VP4C;
				INFOPLIST_FILE = YouTubeApp/Info.plist;
				LD_RUNPATH_SEARCH_PATHS = (
					"$(inherited)",
					"@executable_path/Frameworks",
				);
				PRODUCT_BUNDLE_IDENTIFIER = ArtemUstinov.YouTubeApp;
				PRODUCT_NAME = "$(TARGET_NAME)";
				SWIFT_VERSION = 5.0;
				TARGETED_DEVICE_FAMILY = "1,2";
			};
			name = Release;
		};
/* End XCBuildConfiguration section */

/* Begin XCConfigurationList section */
		ACE1A4CC25AEF0D3008806CF /* Build configuration list for PBXProject "YouTubeApp" */ = {
			isa = XCConfigurationList;
			buildConfigurations = (
				ACE1A4E325AEF0DA008806CF /* Debug */,
				ACE1A4E425AEF0DA008806CF /* Release */,
			);
			defaultConfigurationIsVisible = 0;
			defaultConfigurationName = Release;
		};
		ACE1A4E525AEF0DA008806CF /* Build configuration list for PBXNativeTarget "YouTubeApp" */ = {
			isa = XCConfigurationList;
			buildConfigurations = (
				ACE1A4E625AEF0DA008806CF /* Debug */,
				ACE1A4E725AEF0DA008806CF /* Release */,
			);
			defaultConfigurationIsVisible = 0;
			defaultConfigurationName = Release;
		};
/* End XCConfigurationList section */
	};
	rootObject = ACE1A4C925AEF0D3008806CF /* Project object */;
}
